// !$*UTF8*$!
{
	archiveVersion = 1;
	classes = {
	};
	objectVersion = 55;
	objects = {

/* Begin PBXBuildFile section */
		FE2BCEC927BE138400F46ABF /* AppDelegate.swift in Sources */ = {isa = PBXBuildFile; fileRef = FE2BCEC827BE138400F46ABF /* AppDelegate.swift */; };
		FE2BCECB27BE138400F46ABF /* SceneDelegate.swift in Sources */ = {isa = PBXBuildFile; fileRef = FE2BCECA27BE138400F46ABF /* SceneDelegate.swift */; };
		FE2BCED027BE138400F46ABF /* Main.storyboard in Resources */ = {isa = PBXBuildFile; fileRef = FE2BCECE27BE138400F46ABF /* Main.storyboard */; };
		FE2BCED227BE138400F46ABF /* Assets.xcassets in Resources */ = {isa = PBXBuildFile; fileRef = FE2BCED127BE138400F46ABF /* Assets.xcassets */; };
		FE2BCED527BE138400F46ABF /* LaunchScreen.storyboard in Resources */ = {isa = PBXBuildFile; fileRef = FE2BCED327BE138400F46ABF /* LaunchScreen.storyboard */; };
		FE2BCEE027BE138400F46ABF /* Project_Clone_UberTests.swift in Sources */ = {isa = PBXBuildFile; fileRef = FE2BCEDF27BE138400F46ABF /* Project_Clone_UberTests.swift */; };
		FE2BCEEA27BE138400F46ABF /* Project_Clone_UberUITests.swift in Sources */ = {isa = PBXBuildFile; fileRef = FE2BCEE927BE138400F46ABF /* Project_Clone_UberUITests.swift */; };
		FE2BCEEC27BE138400F46ABF /* Project_Clone_UberUITestsLaunchTests.swift in Sources */ = {isa = PBXBuildFile; fileRef = FE2BCEEB27BE138400F46ABF /* Project_Clone_UberUITestsLaunchTests.swift */; };
		FE2BCEFF27BE148200F46ABF /* LoginController.swift in Sources */ = {isa = PBXBuildFile; fileRef = FE2BCEFE27BE148200F46ABF /* LoginController.swift */; };
		FE2BCF0127BE229600F46ABF /* Extension.swift in Sources */ = {isa = PBXBuildFile; fileRef = FE2BCF0027BE229600F46ABF /* Extension.swift */; };
		FE2BCF0327BE628300F46ABF /* SignUpController.swift in Sources */ = {isa = PBXBuildFile; fileRef = FE2BCF0227BE628300F46ABF /* SignUpController.swift */; };
/* End PBXBuildFile section */

/* Begin PBXContainerItemProxy section */
		FE2BCEDC27BE138400F46ABF /* PBXContainerItemProxy */ = {
			isa = PBXContainerItemProxy;
			containerPortal = FE2BCEBD27BE138400F46ABF /* Project object */;
			proxyType = 1;
			remoteGlobalIDString = FE2BCEC427BE138400F46ABF;
			remoteInfo = "Project-Clone-Uber";
		};
		FE2BCEE627BE138400F46ABF /* PBXContainerItemProxy */ = {
			isa = PBXContainerItemProxy;
			containerPortal = FE2BCEBD27BE138400F46ABF /* Project object */;
			proxyType = 1;
			remoteGlobalIDString = FE2BCEC427BE138400F46ABF;
			remoteInfo = "Project-Clone-Uber";
		};
/* End PBXContainerItemProxy section */

/* Begin PBXFileReference section */
		FE2BCEC527BE138400F46ABF /* Project-Clone-Uber.app */ = {isa = PBXFileReference; explicitFileType = wrapper.application; includeInIndex = 0; path = "Project-Clone-Uber.app"; sourceTree = BUILT_PRODUCTS_DIR; };
		FE2BCEC827BE138400F46ABF /* AppDelegate.swift */ = {isa = PBXFileReference; lastKnownFileType = sourcecode.swift; path = AppDelegate.swift; sourceTree = "<group>"; };
		FE2BCECA27BE138400F46ABF /* SceneDelegate.swift */ = {isa = PBXFileReference; lastKnownFileType = sourcecode.swift; path = SceneDelegate.swift; sourceTree = "<group>"; };
		FE2BCECF27BE138400F46ABF /* Base */ = {isa = PBXFileReference; lastKnownFileType = file.storyboard; name = Base; path = Base.lproj/Main.storyboard; sourceTree = "<group>"; };
		FE2BCED127BE138400F46ABF /* Assets.xcassets */ = {isa = PBXFileReference; lastKnownFileType = folder.assetcatalog; path = Assets.xcassets; sourceTree = "<group>"; };
		FE2BCED427BE138400F46ABF /* Base */ = {isa = PBXFileReference; lastKnownFileType = file.storyboard; name = Base; path = Base.lproj/LaunchScreen.storyboard; sourceTree = "<group>"; };
		FE2BCED627BE138400F46ABF /* Info.plist */ = {isa = PBXFileReference; lastKnownFileType = text.plist.xml; path = Info.plist; sourceTree = "<group>"; };
		FE2BCEDB27BE138400F46ABF /* Project-Clone-UberTests.xctest */ = {isa = PBXFileReference; explicitFileType = wrapper.cfbundle; includeInIndex = 0; path = "Project-Clone-UberTests.xctest"; sourceTree = BUILT_PRODUCTS_DIR; };
		FE2BCEDF27BE138400F46ABF /* Project_Clone_UberTests.swift */ = {isa = PBXFileReference; lastKnownFileType = sourcecode.swift; path = Project_Clone_UberTests.swift; sourceTree = "<group>"; };
		FE2BCEE527BE138400F46ABF /* Project-Clone-UberUITests.xctest */ = {isa = PBXFileReference; explicitFileType = wrapper.cfbundle; includeInIndex = 0; path = "Project-Clone-UberUITests.xctest"; sourceTree = BUILT_PRODUCTS_DIR; };
		FE2BCEE927BE138400F46ABF /* Project_Clone_UberUITests.swift */ = {isa = PBXFileReference; lastKnownFileType = sourcecode.swift; path = Project_Clone_UberUITests.swift; sourceTree = "<group>"; };
		FE2BCEEB27BE138400F46ABF /* Project_Clone_UberUITestsLaunchTests.swift */ = {isa = PBXFileReference; lastKnownFileType = sourcecode.swift; path = Project_Clone_UberUITestsLaunchTests.swift; sourceTree = "<group>"; };
		FE2BCEFE27BE148200F46ABF /* LoginController.swift */ = {isa = PBXFileReference; lastKnownFileType = sourcecode.swift; path = LoginController.swift; sourceTree = "<group>"; };
		FE2BCF0027BE229600F46ABF /* Extension.swift */ = {isa = PBXFileReference; lastKnownFileType = sourcecode.swift; path = Extension.swift; sourceTree = "<group>"; };
		FE2BCF0227BE628300F46ABF /* SignUpController.swift */ = {isa = PBXFileReference; lastKnownFileType = sourcecode.swift; path = SignUpController.swift; sourceTree = "<group>"; };
/* End PBXFileReference section */

/* Begin PBXFrameworksBuildPhase section */
		FE2BCEC227BE138400F46ABF /* Frameworks */ = {
			isa = PBXFrameworksBuildPhase;
			buildActionMask = 2147483647;
			files = (
			);
			runOnlyForDeploymentPostprocessing = 0;
		};
		FE2BCED827BE138400F46ABF /* Frameworks */ = {
			isa = PBXFrameworksBuildPhase;
			buildActionMask = 2147483647;
			files = (
			);
			runOnlyForDeploymentPostprocessing = 0;
		};
		FE2BCEE227BE138400F46ABF /* Frameworks */ = {
			isa = PBXFrameworksBuildPhase;
			buildActionMask = 2147483647;
			files = (
			);
			runOnlyForDeploymentPostprocessing = 0;
		};
/* End PBXFrameworksBuildPhase section */

/* Begin PBXGroup section */
		FE2BCEBC27BE138400F46ABF = {
			isa = PBXGroup;
			children = (
				FE2BCEC727BE138400F46ABF /* Project-Clone-Uber */,
				FE2BCEDE27BE138400F46ABF /* Project-Clone-UberTests */,
				FE2BCEE827BE138400F46ABF /* Project-Clone-UberUITests */,
				FE2BCEC627BE138400F46ABF /* Products */,
			);
			sourceTree = "<group>";
		};
		FE2BCEC627BE138400F46ABF /* Products */ = {
			isa = PBXGroup;
			children = (
				FE2BCEC527BE138400F46ABF /* Project-Clone-Uber.app */,
				FE2BCEDB27BE138400F46ABF /* Project-Clone-UberTests.xctest */,
				FE2BCEE527BE138400F46ABF /* Project-Clone-UberUITests.xctest */,
			);
			name = Products;
			sourceTree = "<group>";
		};
		FE2BCEC727BE138400F46ABF /* Project-Clone-Uber */ = {
			isa = PBXGroup;
			children = (
				FE2BCEFD27BE13C800F46ABF /* View */,
				FE2BCEFC27BE13B200F46ABF /* Model */,
				FE2BCEFA27BE13AE00F46ABF /* Controller */,
				FE2BCEF927BE13AC00F46ABF /* Service */,
				FE2BCEF827BE13AA00F46ABF /* Utils */,
				FE2BCEC827BE138400F46ABF /* AppDelegate.swift */,
				FE2BCECA27BE138400F46ABF /* SceneDelegate.swift */,
				FE2BCECE27BE138400F46ABF /* Main.storyboard */,
				FE2BCED127BE138400F46ABF /* Assets.xcassets */,
				FE2BCED327BE138400F46ABF /* LaunchScreen.storyboard */,
				FE2BCED627BE138400F46ABF /* Info.plist */,
			);
			path = "Project-Clone-Uber";
			sourceTree = "<group>";
		};
		FE2BCEDE27BE138400F46ABF /* Project-Clone-UberTests */ = {
			isa = PBXGroup;
			children = (
				FE2BCEDF27BE138400F46ABF /* Project_Clone_UberTests.swift */,
			);
			path = "Project-Clone-UberTests";
			sourceTree = "<group>";
		};
		FE2BCEE827BE138400F46ABF /* Project-Clone-UberUITests */ = {
			isa = PBXGroup;
			children = (
				FE2BCEE927BE138400F46ABF /* Project_Clone_UberUITests.swift */,
				FE2BCEEB27BE138400F46ABF /* Project_Clone_UberUITestsLaunchTests.swift */,
			);
			path = "Project-Clone-UberUITests";
			sourceTree = "<group>";
		};
		FE2BCEF827BE13AA00F46ABF /* Utils */ = {
			isa = PBXGroup;
			children = (
				FE2BCF0027BE229600F46ABF /* Extension.swift */,
			);
			path = Utils;
			sourceTree = "<group>";
		};
		FE2BCEF927BE13AC00F46ABF /* Service */ = {
			isa = PBXGroup;
			children = (
			);
			path = Service;
			sourceTree = "<group>";
		};
		FE2BCEFA27BE13AE00F46ABF /* Controller */ = {
			isa = PBXGroup;
			children = (
				FE2BCEFE27BE148200F46ABF /* LoginController.swift */,
				FE2BCF0227BE628300F46ABF /* SignUpController.swift */,
			);
			path = Controller;
			sourceTree = "<group>";
		};
		FE2BCEFC27BE13B200F46ABF /* Model */ = {
			isa = PBXGroup;
			children = (
			);
			path = Model;
			sourceTree = "<group>";
		};
		FE2BCEFD27BE13C800F46ABF /* View */ = {
			isa = PBXGroup;
			children = (
			);
			path = View;
			sourceTree = "<group>";
		};
/* End PBXGroup section */

/* Begin PBXNativeTarget section */
		FE2BCEC427BE138400F46ABF /* Project-Clone-Uber */ = {
			isa = PBXNativeTarget;
			buildConfigurationList = FE2BCEEF27BE138400F46ABF /* Build configuration list for PBXNativeTarget "Project-Clone-Uber" */;
			buildPhases = (
				FE2BCEC127BE138400F46ABF /* Sources */,
				FE2BCEC227BE138400F46ABF /* Frameworks */,
				FE2BCEC327BE138400F46ABF /* Resources */,
			);
			buildRules = (
			);
			dependencies = (
			);
			name = "Project-Clone-Uber";
			productName = "Project-Clone-Uber";
			productReference = FE2BCEC527BE138400F46ABF /* Project-Clone-Uber.app */;
			productType = "com.apple.product-type.application";
		};
		FE2BCEDA27BE138400F46ABF /* Project-Clone-UberTests */ = {
			isa = PBXNativeTarget;
			buildConfigurationList = FE2BCEF227BE138400F46ABF /* Build configuration list for PBXNativeTarget "Project-Clone-UberTests" */;
			buildPhases = (
				FE2BCED727BE138400F46ABF /* Sources */,
				FE2BCED827BE138400F46ABF /* Frameworks */,
				FE2BCED927BE138400F46ABF /* Resources */,
			);
			buildRules = (
			);
			dependencies = (
				FE2BCEDD27BE138400F46ABF /* PBXTargetDependency */,
			);
			name = "Project-Clone-UberTests";
			productName = "Project-Clone-UberTests";
			productReference = FE2BCEDB27BE138400F46ABF /* Project-Clone-UberTests.xctest */;
			productType = "com.apple.product-type.bundle.unit-test";
		};
		FE2BCEE427BE138400F46ABF /* Project-Clone-UberUITests */ = {
			isa = PBXNativeTarget;
			buildConfigurationList = FE2BCEF527BE138400F46ABF /* Build configuration list for PBXNativeTarget "Project-Clone-UberUITests" */;
			buildPhases = (
				FE2BCEE127BE138400F46ABF /* Sources */,
				FE2BCEE227BE138400F46ABF /* Frameworks */,
				FE2BCEE327BE138400F46ABF /* Resources */,
			);
			buildRules = (
			);
			dependencies = (
				FE2BCEE727BE138400F46ABF /* PBXTargetDependency */,
			);
			name = "Project-Clone-UberUITests";
			productName = "Project-Clone-UberUITests";
			productReference = FE2BCEE527BE138400F46ABF /* Project-Clone-UberUITests.xctest */;
			productType = "com.apple.product-type.bundle.ui-testing";
		};
/* End PBXNativeTarget section */

/* Begin PBXProject section */
		FE2BCEBD27BE138400F46ABF /* Project object */ = {
			isa = PBXProject;
			attributes = {
				BuildIndependentTargetsInParallel = 1;
				LastSwiftUpdateCheck = 1320;
				LastUpgradeCheck = 1320;
				TargetAttributes = {
					FE2BCEC427BE138400F46ABF = {
						CreatedOnToolsVersion = 13.2.1;
					};
					FE2BCEDA27BE138400F46ABF = {
						CreatedOnToolsVersion = 13.2.1;
						TestTargetID = FE2BCEC427BE138400F46ABF;
					};
					FE2BCEE427BE138400F46ABF = {
						CreatedOnToolsVersion = 13.2.1;
						TestTargetID = FE2BCEC427BE138400F46ABF;
					};
				};
			};
			buildConfigurationList = FE2BCEC027BE138400F46ABF /* Build configuration list for PBXProject "Project-Clone-Uber" */;
			compatibilityVersion = "Xcode 13.0";
			developmentRegion = en;
			hasScannedForEncodings = 0;
			knownRegions = (
				en,
				Base,
			);
			mainGroup = FE2BCEBC27BE138400F46ABF;
			productRefGroup = FE2BCEC627BE138400F46ABF /* Products */;
			projectDirPath = "";
			projectRoot = "";
			targets = (
				FE2BCEC427BE138400F46ABF /* Project-Clone-Uber */,
				FE2BCEDA27BE138400F46ABF /* Project-Clone-UberTests */,
				FE2BCEE427BE138400F46ABF /* Project-Clone-UberUITests */,
			);
		};
/* End PBXProject section */

/* Begin PBXResourcesBuildPhase section */
		FE2BCEC327BE138400F46ABF /* Resources */ = {
			isa = PBXResourcesBuildPhase;
			buildActionMask = 2147483647;
			files = (
				FE2BCED527BE138400F46ABF /* LaunchScreen.storyboard in Resources */,
				FE2BCED227BE138400F46ABF /* Assets.xcassets in Resources */,
				FE2BCED027BE138400F46ABF /* Main.storyboard in Resources */,
			);
			runOnlyForDeploymentPostprocessing = 0;
		};
		FE2BCED927BE138400F46ABF /* Resources */ = {
			isa = PBXResourcesBuildPhase;
			buildActionMask = 2147483647;
			files = (
			);
			runOnlyForDeploymentPostprocessing = 0;
		};
		FE2BCEE327BE138400F46ABF /* Resources */ = {
			isa = PBXResourcesBuildPhase;
			buildActionMask = 2147483647;
			files = (
			);
			runOnlyForDeploymentPostprocessing = 0;
		};
/* End PBXResourcesBuildPhase section */

/* Begin PBXSourcesBuildPhase section */
		FE2BCEC127BE138400F46ABF /* Sources */ = {
			isa = PBXSourcesBuildPhase;
			buildActionMask = 2147483647;
			files = (
				FE2BCEC927BE138400F46ABF /* AppDelegate.swift in Sources */,
				FE2BCEFF27BE148200F46ABF /* LoginController.swift in Sources */,
				FE2BCF0327BE628300F46ABF /* SignUpController.swift in Sources */,
				FE2BCECB27BE138400F46ABF /* SceneDelegate.swift in Sources */,
				FE2BCF0127BE229600F46ABF /* Extension.swift in Sources */,
			);
			runOnlyForDeploymentPostprocessing = 0;
		};
		FE2BCED727BE138400F46ABF /* Sources */ = {
			isa = PBXSourcesBuildPhase;
			buildActionMask = 2147483647;
			files = (
				FE2BCEE027BE138400F46ABF /* Project_Clone_UberTests.swift in Sources */,
			);
			runOnlyForDeploymentPostprocessing = 0;
		};
		FE2BCEE127BE138400F46ABF /* Sources */ = {
			isa = PBXSourcesBuildPhase;
			buildActionMask = 2147483647;
			files = (
				FE2BCEEC27BE138400F46ABF /* Project_Clone_UberUITestsLaunchTests.swift in Sources */,
				FE2BCEEA27BE138400F46ABF /* Project_Clone_UberUITests.swift in Sources */,
			);
			runOnlyForDeploymentPostprocessing = 0;
		};
/* End PBXSourcesBuildPhase section */

/* Begin PBXTargetDependency section */
		FE2BCEDD27BE138400F46ABF /* PBXTargetDependency */ = {
			isa = PBXTargetDependency;
			target = FE2BCEC427BE138400F46ABF /* Project-Clone-Uber */;
			targetProxy = FE2BCEDC27BE138400F46ABF /* PBXContainerItemProxy */;
		};
		FE2BCEE727BE138400F46ABF /* PBXTargetDependency */ = {
			isa = PBXTargetDependency;
			target = FE2BCEC427BE138400F46ABF /* Project-Clone-Uber */;
			targetProxy = FE2BCEE627BE138400F46ABF /* PBXContainerItemProxy */;
		};
/* End PBXTargetDependency section */

/* Begin PBXVariantGroup section */
		FE2BCECE27BE138400F46ABF /* Main.storyboard */ = {
			isa = PBXVariantGroup;
			children = (
				FE2BCECF27BE138400F46ABF /* Base */,
			);
			name = Main.storyboard;
			sourceTree = "<group>";
		};
		FE2BCED327BE138400F46ABF /* LaunchScreen.storyboard */ = {
			isa = PBXVariantGroup;
			children = (
				FE2BCED427BE138400F46ABF /* Base */,
			);
			name = LaunchScreen.storyboard;
			sourceTree = "<group>";
		};
/* End PBXVariantGroup section */

/* Begin XCBuildConfiguration section */
		FE2BCEED27BE138400F46ABF /* Debug */ = {
			isa = XCBuildConfiguration;
			buildSettings = {
				ALWAYS_SEARCH_USER_PATHS = NO;
				CLANG_ANALYZER_NONNULL = YES;
				CLANG_ANALYZER_NUMBER_OBJECT_CONVERSION = YES_AGGRESSIVE;
				CLANG_CXX_LANGUAGE_STANDARD = "gnu++17";
				CLANG_CXX_LIBRARY = "libc++";
				CLANG_ENABLE_MODULES = YES;
				CLANG_ENABLE_OBJC_ARC = YES;
				CLANG_ENABLE_OBJC_WEAK = YES;
				CLANG_WARN_BLOCK_CAPTURE_AUTORELEASING = YES;
				CLANG_WARN_BOOL_CONVERSION = YES;
				CLANG_WARN_COMMA = YES;
				CLANG_WARN_CONSTANT_CONVERSION = YES;
				CLANG_WARN_DEPRECATED_OBJC_IMPLEMENTATIONS = YES;
				CLANG_WARN_DIRECT_OBJC_ISA_USAGE = YES_ERROR;
				CLANG_WARN_DOCUMENTATION_COMMENTS = YES;
				CLANG_WARN_EMPTY_BODY = YES;
				CLANG_WARN_ENUM_CONVERSION = YES;
				CLANG_WARN_INFINITE_RECURSION = YES;
				CLANG_WARN_INT_CONVERSION = YES;
				CLANG_WARN_NON_LITERAL_NULL_CONVERSION = YES;
				CLANG_WARN_OBJC_IMPLICIT_RETAIN_SELF = YES;
				CLANG_WARN_OBJC_LITERAL_CONVERSION = YES;
				CLANG_WARN_OBJC_ROOT_CLASS = YES_ERROR;
				CLANG_WARN_QUOTED_INCLUDE_IN_FRAMEWORK_HEADER = YES;
				CLANG_WARN_RANGE_LOOP_ANALYSIS = YES;
				CLANG_WARN_STRICT_PROTOTYPES = YES;
				CLANG_WARN_SUSPICIOUS_MOVE = YES;
				CLANG_WARN_UNGUARDED_AVAILABILITY = YES_AGGRESSIVE;
				CLANG_WARN_UNREACHABLE_CODE = YES;
				CLANG_WARN__DUPLICATE_METHOD_MATCH = YES;
				COPY_PHASE_STRIP = NO;
				DEBUG_INFORMATION_FORMAT = dwarf;
				ENABLE_STRICT_OBJC_MSGSEND = YES;
				ENABLE_TESTABILITY = YES;
				GCC_C_LANGUAGE_STANDARD = gnu11;
				GCC_DYNAMIC_NO_PIC = NO;
				GCC_NO_COMMON_BLOCKS = YES;
				GCC_OPTIMIZATION_LEVEL = 0;
				GCC_PREPROCESSOR_DEFINITIONS = (
					"DEBUG=1",
					"$(inherited)",
				);
				GCC_WARN_64_TO_32_BIT_CONVERSION = YES;
				GCC_WARN_ABOUT_RETURN_TYPE = YES_ERROR;
				GCC_WARN_UNDECLARED_SELECTOR = YES;
				GCC_WARN_UNINITIALIZED_AUTOS = YES_AGGRESSIVE;
				GCC_WARN_UNUSED_FUNCTION = YES;
				GCC_WARN_UNUSED_VARIABLE = YES;
				IPHONEOS_DEPLOYMENT_TARGET = 15.2;
				MTL_ENABLE_DEBUG_INFO = INCLUDE_SOURCE;
				MTL_FAST_MATH = YES;
				ONLY_ACTIVE_ARCH = YES;
				SDKROOT = iphoneos;
				SWIFT_ACTIVE_COMPILATION_CONDITIONS = DEBUG;
				SWIFT_OPTIMIZATION_LEVEL = "-Onone";
			};
			name = Debug;
		};
		FE2BCEEE27BE138400F46ABF /* Release */ = {
			isa = XCBuildConfiguration;
			buildSettings = {
				ALWAYS_SEARCH_USER_PATHS = NO;
				CLANG_ANALYZER_NONNULL = YES;
				CLANG_ANALYZER_NUMBER_OBJECT_CONVERSION = YES_AGGRESSIVE;
				CLANG_CXX_LANGUAGE_STANDARD = "gnu++17";
				CLANG_CXX_LIBRARY = "libc++";
				CLANG_ENABLE_MODULES = YES;
				CLANG_ENABLE_OBJC_ARC = YES;
				CLANG_ENABLE_OBJC_WEAK = YES;
				CLANG_WARN_BLOCK_CAPTURE_AUTORELEASING = YES;
				CLANG_WARN_BOOL_CONVERSION = YES;
				CLANG_WARN_COMMA = YES;
				CLANG_WARN_CONSTANT_CONVERSION = YES;
				CLANG_WARN_DEPRECATED_OBJC_IMPLEMENTATIONS = YES;
				CLANG_WARN_DIRECT_OBJC_ISA_USAGE = YES_ERROR;
				CLANG_WARN_DOCUMENTATION_COMMENTS = YES;
				CLANG_WARN_EMPTY_BODY = YES;
				CLANG_WARN_ENUM_CONVERSION = YES;
				CLANG_WARN_INFINITE_RECURSION = YES;
				CLANG_WARN_INT_CONVERSION = YES;
				CLANG_WARN_NON_LITERAL_NULL_CONVERSION = YES;
				CLANG_WARN_OBJC_IMPLICIT_RETAIN_SELF = YES;
				CLANG_WARN_OBJC_LITERAL_CONVERSION = YES;
				CLANG_WARN_OBJC_ROOT_CLASS = YES_ERROR;
				CLANG_WARN_QUOTED_INCLUDE_IN_FRAMEWORK_HEADER = YES;
				CLANG_WARN_RANGE_LOOP_ANALYSIS = YES;
				CLANG_WARN_STRICT_PROTOTYPES = YES;
				CLANG_WARN_SUSPICIOUS_MOVE = YES;
				CLANG_WARN_UNGUARDED_AVAILABILITY = YES_AGGRESSIVE;
				CLANG_WARN_UNREACHABLE_CODE = YES;
				CLANG_WARN__DUPLICATE_METHOD_MATCH = YES;
				COPY_PHASE_STRIP = NO;
				DEBUG_INFORMATION_FORMAT = "dwarf-with-dsym";
				ENABLE_NS_ASSERTIONS = NO;
				ENABLE_STRICT_OBJC_MSGSEND = YES;
				GCC_C_LANGUAGE_STANDARD = gnu11;
				GCC_NO_COMMON_BLOCKS = YES;
				GCC_WARN_64_TO_32_BIT_CONVERSION = YES;
				GCC_WARN_ABOUT_RETURN_TYPE = YES_ERROR;
				GCC_WARN_UNDECLARED_SELECTOR = YES;
				GCC_WARN_UNINITIALIZED_AUTOS = YES_AGGRESSIVE;
				GCC_WARN_UNUSED_FUNCTION = YES;
				GCC_WARN_UNUSED_VARIABLE = YES;
				IPHONEOS_DEPLOYMENT_TARGET = 15.2;
				MTL_ENABLE_DEBUG_INFO = NO;
				MTL_FAST_MATH = YES;
				SDKROOT = iphoneos;
				SWIFT_COMPILATION_MODE = wholemodule;
				SWIFT_OPTIMIZATION_LEVEL = "-O";
				VALIDATE_PRODUCT = YES;
			};
			name = Release;
		};
		FE2BCEF027BE138400F46ABF /* Debug */ = {
			isa = XCBuildConfiguration;
			buildSettings = {
				ASSETCATALOG_COMPILER_APPICON_NAME = AppIcon;
				ASSETCATALOG_COMPILER_GLOBAL_ACCENT_COLOR_NAME = AccentColor;
				CODE_SIGN_STYLE = Automatic;
				CURRENT_PROJECT_VERSION = 1;
				GENERATE_INFOPLIST_FILE = YES;
				INFOPLIST_FILE = "Project-Clone-Uber/Info.plist";
				INFOPLIST_KEY_UIApplicationSupportsIndirectInputEvents = YES;
				INFOPLIST_KEY_UILaunchStoryboardName = LaunchScreen;
				INFOPLIST_KEY_UIMainStoryboardFile = Main;
				INFOPLIST_KEY_UISupportedInterfaceOrientations_iPad = "UIInterfaceOrientationPortrait UIInterfaceOrientationPortraitUpsideDown UIInterfaceOrientationLandscapeLeft UIInterfaceOrientationLandscapeRight";
				INFOPLIST_KEY_UISupportedInterfaceOrientations_iPhone = "UIInterfaceOrientationPortrait UIInterfaceOrientationLandscapeLeft UIInterfaceOrientationLandscapeRight";
				LD_RUNPATH_SEARCH_PATHS = (
					"$(inherited)",
					"@executable_path/Frameworks",
				);
				MARKETING_VERSION = 1.0;
				PRODUCT_BUNDLE_IDENTIFIER = "DeokHo98.Project-Clone-Uber";
				PRODUCT_NAME = "$(TARGET_NAME)";
				SWIFT_EMIT_LOC_STRINGS = YES;
				SWIFT_VERSION = 5.0;
				TARGETED_DEVICE_FAMILY = 1;
			};
			name = Debug;
		};
		FE2BCEF127BE138400F46ABF /* Release */ = {
			isa = XCBuildConfiguration;
			buildSettings = {
				ASSETCATALOG_COMPILER_APPICON_NAME = AppIcon;
				ASSETCATALOG_COMPILER_GLOBAL_ACCENT_COLOR_NAME = AccentColor;
				CODE_SIGN_STYLE = Automatic;
				CURRENT_PROJECT_VERSION = 1;
				GENERATE_INFOPLIST_FILE = YES;
				INFOPLIST_FILE = "Project-Clone-Uber/Info.plist";
				INFOPLIST_KEY_UIApplicationSupportsIndirectInputEvents = YES;
				INFOPLIST_KEY_UILaunchStoryboardName = LaunchScreen;
				INFOPLIST_KEY_UIMainStoryboardFile = Main;
				INFOPLIST_KEY_UISupportedInterfaceOrientations_iPad = "UIInterfaceOrientationPortrait UIInterfaceOrientationPortraitUpsideDown UIInterfaceOrientationLandscapeLeft UIInterfaceOrientationLandscapeRight";
				INFOPLIST_KEY_UISupportedInterfaceOrientations_iPhone = "UIInterfaceOrientationPortrait UIInterfaceOrientationLandscapeLeft UIInterfaceOrientationLandscapeRight";
				LD_RUNPATH_SEARCH_PATHS = (
					"$(inherited)",
					"@executable_path/Frameworks",
				);
				MARKETING_VERSION = 1.0;
				PRODUCT_BUNDLE_IDENTIFIER = "DeokHo98.Project-Clone-Uber";
				PRODUCT_NAME = "$(TARGET_NAME)";
				SWIFT_EMIT_LOC_STRINGS = YES;
				SWIFT_VERSION = 5.0;
				TARGETED_DEVICE_FAMILY = 1;
			};
			name = Release;
		};
		FE2BCEF327BE138400F46ABF /* Debug */ = {
			isa = XCBuildConfiguration;
			buildSettings = {
				ALWAYS_EMBED_SWIFT_STANDARD_LIBRARIES = YES;
				BUNDLE_LOADER = "$(TEST_HOST)";
				CODE_SIGN_STYLE = Automatic;
				CURRENT_PROJECT_VERSION = 1;
				GENERATE_INFOPLIST_FILE = YES;
				IPHONEOS_DEPLOYMENT_TARGET = 15.2;
				MARKETING_VERSION = 1.0;
				PRODUCT_BUNDLE_IDENTIFIER = "DeokHo98.Project-Clone-UberTests";
				PRODUCT_NAME = "$(TARGET_NAME)";
				SWIFT_EMIT_LOC_STRINGS = NO;
				SWIFT_VERSION = 5.0;
				TARGETED_DEVICE_FAMILY = "1,2";
				TEST_HOST = "$(BUILT_PRODUCTS_DIR)/Project-Clone-Uber.app/Project-Clone-Uber";
			};
			name = Debug;
		};
		FE2BCEF427BE138400F46ABF /* Release */ = {
			isa = XCBuildConfiguration;
			buildSettings = {
				ALWAYS_EMBED_SWIFT_STANDARD_LIBRARIES = YES;
				BUNDLE_LOADER = "$(TEST_HOST)";
				CODE_SIGN_STYLE = Automatic;
				CURRENT_PROJECT_VERSION = 1;
				GENERATE_INFOPLIST_FILE = YES;
				IPHONEOS_DEPLOYMENT_TARGET = 15.2;
				MARKETING_VERSION = 1.0;
				PRODUCT_BUNDLE_IDENTIFIER = "DeokHo98.Project-Clone-UberTests";
				PRODUCT_NAME = "$(TARGET_NAME)";
				SWIFT_EMIT_LOC_STRINGS = NO;
				SWIFT_VERSION = 5.0;
				TARGETED_DEVICE_FAMILY = "1,2";
				TEST_HOST = "$(BUILT_PRODUCTS_DIR)/Project-Clone-Uber.app/Project-Clone-Uber";
			};
			name = Release;
		};
		FE2BCEF627BE138400F46ABF /* Debug */ = {
			isa = XCBuildConfiguration;
			buildSettings = {
				ALWAYS_EMBED_SWIFT_STANDARD_LIBRARIES = YES;
				CODE_SIGN_STYLE = Automatic;
				CURRENT_PROJECT_VERSION = 1;
				GENERATE_INFOPLIST_FILE = YES;
				MARKETING_VERSION = 1.0;
				PRODUCT_BUNDLE_IDENTIFIER = "DeokHo98.Project-Clone-UberUITests";
				PRODUCT_NAME = "$(TARGET_NAME)";
				SWIFT_EMIT_LOC_STRINGS = NO;
				SWIFT_VERSION = 5.0;
				TARGETED_DEVICE_FAMILY = "1,2";
				TEST_TARGET_NAME = "Project-Clone-Uber";
			};
			name = Debug;
		};
		FE2BCEF727BE138400F46ABF /* Release */ = {
			isa = XCBuildConfiguration;
			buildSettings = {
				ALWAYS_EMBED_SWIFT_STANDARD_LIBRARIES = YES;
				CODE_SIGN_STYLE = Automatic;
				CURRENT_PROJECT_VERSION = 1;
				GENERATE_INFOPLIST_FILE = YES;
				MARKETING_VERSION = 1.0;
				PRODUCT_BUNDLE_IDENTIFIER = "DeokHo98.Project-Clone-UberUITests";
				PRODUCT_NAME = "$(TARGET_NAME)";
				SWIFT_EMIT_LOC_STRINGS = NO;
				SWIFT_VERSION = 5.0;
				TARGETED_DEVICE_FAMILY = "1,2";
				TEST_TARGET_NAME = "Project-Clone-Uber";
			};
			name = Release;
		};
/* End XCBuildConfiguration section */

/* Begin XCConfigurationList section */
		FE2BCEC027BE138400F46ABF /* Build configuration list for PBXProject "Project-Clone-Uber" */ = {
			isa = XCConfigurationList;
			buildConfigurations = (
				FE2BCEED27BE138400F46ABF /* Debug */,
				FE2BCEEE27BE138400F46ABF /* Release */,
			);
			defaultConfigurationIsVisible = 0;
			defaultConfigurationName = Release;
		};
		FE2BCEEF27BE138400F46ABF /* Build configuration list for PBXNativeTarget "Project-Clone-Uber" */ = {
			isa = XCConfigurationList;
			buildConfigurations = (
				FE2BCEF027BE138400F46ABF /* Debug */,
				FE2BCEF127BE138400F46ABF /* Release */,
			);
			defaultConfigurationIsVisible = 0;
			defaultConfigurationName = Release;
		};
		FE2BCEF227BE138400F46ABF /* Build configuration list for PBXNativeTarget "Project-Clone-UberTests" */ = {
			isa = XCConfigurationList;
			buildConfigurations = (
				FE2BCEF327BE138400F46ABF /* Debug */,
				FE2BCEF427BE138400F46ABF /* Release */,
			);
			defaultConfigurationIsVisible = 0;
			defaultConfigurationName = Release;
		};
		FE2BCEF527BE138400F46ABF /* Build configuration list for PBXNativeTarget "Project-Clone-UberUITests" */ = {
			isa = XCConfigurationList;
			buildConfigurations = (
				FE2BCEF627BE138400F46ABF /* Debug */,
				FE2BCEF727BE138400F46ABF /* Release */,
			);
			defaultConfigurationIsVisible = 0;
			defaultConfigurationName = Release;
		};
/* End XCConfigurationList section */
	};
	rootObject = FE2BCEBD27BE138400F46ABF /* Project object */;
}
